schema: '2.0'
stages:
  data_ingestion:
    cmd: python src/deepClassifier/pipeline/stage_01_data_ingestion.py
    deps:
    - path: configs/config.yaml
      md5: 9fd7cfa97b7ed0bec39f60a83f336183
      size: 809
    - path: src/deepClassifier/pipeline/stage_01_data_ingestion.py
      md5: 0520d87f75eeee2bc299fe594e6717a0
      size: 782
    outs:
    - path: artifacts/data_ingestion/PetImages
      md5: 3a5cf86541f22c236620ce5b952ad684.dir
      size: 848866410
      nfiles: 24998
  prepare_base_model:
    cmd: python src/deepClassifier/pipeline/stage_02_prepare_base_model.py
    deps:
    - path: configs/config.yaml
      md5: 9fd7cfa97b7ed0bec39f60a83f336183
      size: 809
    - path: src/deepClassifier/pipeline/stage_02_prepare_base_model.py
      md5: 1c3e34c1639ce19635f7a78fb59ed08c
      size: 868
    params:
      params.yaml:
        CLASSES: 2
        IMAGE_SIZE:
        - 224
        - 224
        - 3
        INCLUDE_TOP: false
        LEARNING_RATE: 0.01
        WEIGHTS: imagenet
    outs:
    - path: artifacts/prepare_base_model
      md5: 839a58bbed262c08977b67ee5a2c2753.dir
      size: 118054232
      nfiles: 2
  training:
    cmd: python src/deepClassifier/pipeline/stage_03_training.py
    deps:
    - path: artifacts/data_ingestion/PetImages
      md5: 3a5cf86541f22c236620ce5b952ad684.dir
      size: 848866410
      nfiles: 24998
    - path: artifacts/prepare_base_model
      md5: 839a58bbed262c08977b67ee5a2c2753.dir
      size: 118054232
      nfiles: 2
    - path: configs/config.yaml
      md5: 9fd7cfa97b7ed0bec39f60a83f336183
      size: 809
    - path: src/deepClassifier/components/prepare_callback.py
      md5: 5e5368409e5aa05ff5d3e3bf64720865
      size: 853
    - path: src/deepClassifier/pipeline/stage_03_training.py
      md5: cd54c31e5724ae92c66e938194d937ab
      size: 1107
    params:
      params.yaml:
        AUGMENTATION: true
        BATCH_SIZE: 16
        EPOCHS: 1
        IMAGE_SIZE:
        - 224
        - 224
        - 3
    outs:
    - path: artifacts/training/model.h5
      md5: b1e233aab75615253c06c1a3a36e820e
      size: 59135696
